
Microsoft Visual Studio Solution File, Format Version 12.00
# Visual Studio 2013
VisualStudioVersion = 12.0.31101.0
MinimumVisualStudioVersion = 10.0.40219.1
Project("{FAE04EC0-301F-11D3-BF4B-00C04F79EFBC}") = "ScnDiscounts.WinPhone", "ScnDiscounts\ScnDiscounts.WinPhone\ScnDiscounts.WinPhone.csproj", "{A85CDE3B-2AE8-434D-A520-070971005A8E}"
EndProject
Project("{FAE04EC0-301F-11D3-BF4B-00C04F79EFBC}") = "ScnDiscounts.iOS", "ScnDiscounts\ScnDiscounts.iOS\ScnDiscounts.iOS.csproj", "{16CC9346-4E31-498D-9F62-28E05F05EEFB}"
EndProject
Project("{FAE04EC0-301F-11D3-BF4B-00C04F79EFBC}") = "ScnDiscounts.Droid", "ScnDiscounts\ScnDiscounts.Droid\ScnDiscounts.Droid.csproj", "{4A47468A-6962-4F56-82A5-071100D9E99B}"
EndProject
Project("{D954291E-2A0B-460D-934E-DC6B0785DB48}") = "ScnDiscounts", "ScnDiscounts\ScnDiscounts\ScnDiscounts.shproj", "{8AECEF42-5A7B-42C1-921B-EC910BE5876F}"
EndProject
Global
	GlobalSection(SharedMSBuildProjectFiles) = preSolution
		ScnDiscounts\ScnDiscounts\ScnDiscounts.projitems*{a85cde3b-2ae8-434d-a520-070971005a8e}*SharedItemsImports = 4
		ScnDiscounts\ScnDiscounts\ScnDiscounts.projitems*{4a47468a-6962-4f56-82a5-071100d9e99b}*SharedItemsImports = 4
		ScnDiscounts\ScnDiscounts\ScnDiscounts.projitems*{8aecef42-5a7b-42c1-921b-ec910be5876f}*SharedItemsImports = 13
		ScnDiscounts\ScnDiscounts\ScnDiscounts.projitems*{16cc9346-4e31-498d-9f62-28e05f05eefb}*SharedItemsImports = 4
	EndGlobalSection
	GlobalSection(SolutionConfigurationPlatforms) = preSolution
		Ad-Hoc|Any CPU = Ad-Hoc|Any CPU
		Ad-Hoc|ARM = Ad-Hoc|ARM
		Ad-Hoc|iPhone = Ad-Hoc|iPhone
		Ad-Hoc|iPhoneSimulator = Ad-Hoc|iPhoneSimulator
		Ad-Hoc|Mixed Platforms = Ad-Hoc|Mixed Platforms
		Ad-Hoc|x86 = Ad-Hoc|x86
		AppStore|Any CPU = AppStore|Any CPU
		AppStore|ARM = AppStore|ARM
		AppStore|iPhone = AppStore|iPhone
		AppStore|iPhoneSimulator = AppStore|iPhoneSimulator
		AppStore|Mixed Platforms = AppStore|Mixed Platforms
		AppStore|x86 = AppStore|x86
		Debug|Any CPU = Debug|Any CPU
		Debug|ARM = Debug|ARM
		Debug|iPhone = Debug|iPhone
		Debug|iPhoneSimulator = Debug|iPhoneSimulator
		Debug|Mixed Platforms = Debug|Mixed Platforms
		Debug|x86 = Debug|x86
		Release|Any CPU = Release|Any CPU
		Release|ARM = Release|ARM
		Release|iPhone = Release|iPhone
		Release|iPhoneSimulator = Release|iPhoneSimulator
		Release|Mixed Platforms = Release|Mixed Platforms
		Release|x86 = Release|x86
	EndGlobalSection
	GlobalSection(ProjectConfigurationPlatforms) = postSolution
		{A85CDE3B-2AE8-434D-A520-070971005A8E}.Ad-Hoc|Any CPU.ActiveCfg = Release|Any CPU
		{A85CDE3B-2AE8-434D-A520-070971005A8E}.Ad-Hoc|Any CPU.Build.0 = Release|Any CPU
		{A85CDE3B-2AE8-434D-A520-070971005A8E}.Ad-Hoc|Any CPU.Deploy.0 = Release|Any CPU
		{A85CDE3B-2AE8-434D-A520-070971005A8E}.Ad-Hoc|ARM.ActiveCfg = Release|ARM
		{A85CDE3B-2AE8-434D-A520-070971005A8E}.Ad-Hoc|ARM.Build.0 = Release|ARM
		{A85CDE3B-2AE8-434D-A520-070971005A8E}.Ad-Hoc|ARM.Deploy.0 = Release|ARM
		{A85CDE3B-2AE8-434D-A520-070971005A8E}.Ad-Hoc|iPhone.ActiveCfg = Release|Any CPU
		{A85CDE3B-2AE8-434D-A520-070971005A8E}.Ad-Hoc|iPhoneSimulator.ActiveCfg = Release|Any CPU
		{A85CDE3B-2AE8-434D-A520-070971005A8E}.Ad-Hoc|Mixed Platforms.ActiveCfg = Release|x86
		{A85CDE3B-2AE8-434D-A520-070971005A8E}.Ad-Hoc|Mixed Platforms.Build.0 = Release|x86
		{A85CDE3B-2AE8-434D-A520-070971005A8E}.Ad-Hoc|Mixed Platforms.Deploy.0 = Release|x86
		{A85CDE3B-2AE8-434D-A520-070971005A8E}.Ad-Hoc|x86.ActiveCfg = Release|x86
		{A85CDE3B-2AE8-434D-A520-070971005A8E}.Ad-Hoc|x86.Build.0 = Release|x86
		{A85CDE3B-2AE8-434D-A520-070971005A8E}.Ad-Hoc|x86.Deploy.0 = Release|x86
		{A85CDE3B-2AE8-434D-A520-070971005A8E}.AppStore|Any CPU.ActiveCfg = Release|Any CPU
		{A85CDE3B-2AE8-434D-A520-070971005A8E}.AppStore|Any CPU.Build.0 = Release|Any CPU
		{A85CDE3B-2AE8-434D-A520-070971005A8E}.AppStore|Any CPU.Deploy.0 = Release|Any CPU
		{A85CDE3B-2AE8-434D-A520-070971005A8E}.AppStore|ARM.ActiveCfg = Release|ARM
		{A85CDE3B-2AE8-434D-A520-070971005A8E}.AppStore|ARM.Build.0 = Release|ARM
		{A85CDE3B-2AE8-434D-A520-070971005A8E}.AppStore|ARM.Deploy.0 = Release|ARM
		{A85CDE3B-2AE8-434D-A520-070971005A8E}.AppStore|iPhone.ActiveCfg = Release|Any CPU
		{A85CDE3B-2AE8-434D-A520-070971005A8E}.AppStore|iPhoneSimulator.ActiveCfg = Release|Any CPU
		{A85CDE3B-2AE8-434D-A520-070971005A8E}.AppStore|Mixed Platforms.ActiveCfg = Release|x86
		{A85CDE3B-2AE8-434D-A520-070971005A8E}.AppStore|Mixed Platforms.Build.0 = Release|x86
		{A85CDE3B-2AE8-434D-A520-070971005A8E}.AppStore|Mixed Platforms.Deploy.0 = Release|x86
		{A85CDE3B-2AE8-434D-A520-070971005A8E}.AppStore|x86.ActiveCfg = Release|x86
		{A85CDE3B-2AE8-434D-A520-070971005A8E}.AppStore|x86.Build.0 = Release|x86
		{A85CDE3B-2AE8-434D-A520-070971005A8E}.AppStore|x86.Deploy.0 = Release|x86
		{A85CDE3B-2AE8-434D-A520-070971005A8E}.Debug|Any CPU.ActiveCfg = Debug|Any CPU
		{A85CDE3B-2AE8-434D-A520-070971005A8E}.Debug|Any CPU.Build.0 = Debug|Any CPU
		{A85CDE3B-2AE8-434D-A520-070971005A8E}.Debug|Any CPU.Deploy.0 = Debug|Any CPU
		{A85CDE3B-2AE8-434D-A520-070971005A8E}.Debug|ARM.ActiveCfg = Debug|ARM
		{A85CDE3B-2AE8-434D-A520-070971005A8E}.Debug|ARM.Build.0 = Debug|ARM
		{A85CDE3B-2AE8-434D-A520-070971005A8E}.Debug|ARM.Deploy.0 = Debug|ARM
		{A85CDE3B-2AE8-434D-A520-070971005A8E}.Debug|iPhone.ActiveCfg = Debug|Any CPU
		{A85CDE3B-2AE8-434D-A520-070971005A8E}.Debug|iPhoneSimulator.ActiveCfg = Debug|Any CPU
		{A85CDE3B-2AE8-434D-A520-070971005A8E}.Debug|Mixed Platforms.ActiveCfg = Debug|x86
		{A85CDE3B-2AE8-434D-A520-070971005A8E}.Debug|Mixed Platforms.Build.0 = Debug|x86
		{A85CDE3B-2AE8-434D-A520-070971005A8E}.Debug|Mixed Platforms.Deploy.0 = Debug|x86
		{A85CDE3B-2AE8-434D-A520-070971005A8E}.Debug|x86.ActiveCfg = Debug|x86
		{A85CDE3B-2AE8-434D-A520-070971005A8E}.Debug|x86.Build.0 = Debug|x86
		{A85CDE3B-2AE8-434D-A520-070971005A8E}.Debug|x86.Deploy.0 = Debug|x86
		{A85CDE3B-2AE8-434D-A520-070971005A8E}.Release|Any CPU.ActiveCfg = Release|Any CPU
		{A85CDE3B-2AE8-434D-A520-070971005A8E}.Release|Any CPU.Build.0 = Release|Any CPU
		{A85CDE3B-2AE8-434D-A520-070971005A8E}.Release|Any CPU.Deploy.0 = Release|Any CPU
		{A85CDE3B-2AE8-434D-A520-070971005A8E}.Release|ARM.ActiveCfg = Release|ARM
		{A85CDE3B-2AE8-434D-A520-070971005A8E}.Release|ARM.Build.0 = Release|ARM
		{A85CDE3B-2AE8-434D-A520-070971005A8E}.Release|ARM.Deploy.0 = Release|ARM
		{A85CDE3B-2AE8-434D-A520-070971005A8E}.Release|iPhone.ActiveCfg = Release|Any CPU
		{A85CDE3B-2AE8-434D-A520-070971005A8E}.Release|iPhoneSimulator.ActiveCfg = Release|Any CPU
		{A85CDE3B-2AE8-434D-A520-070971005A8E}.Release|Mixed Platforms.ActiveCfg = Release|x86
		{A85CDE3B-2AE8-434D-A520-070971005A8E}.Release|Mixed Platforms.Build.0 = Release|x86
		{A85CDE3B-2AE8-434D-A520-070971005A8E}.Release|Mixed Platforms.Deploy.0 = Release|x86
		{A85CDE3B-2AE8-434D-A520-070971005A8E}.Release|x86.ActiveCfg = Release|x86
		{A85CDE3B-2AE8-434D-A520-070971005A8E}.Release|x86.Build.0 = Release|x86
		{A85CDE3B-2AE8-434D-A520-070971005A8E}.Release|x86.Deploy.0 = Release|x86
		{16CC9346-4E31-498D-9F62-28E05F05EEFB}.Ad-Hoc|Any CPU.ActiveCfg = Ad-Hoc|iPhone
		{16CC9346-4E31-498D-9F62-28E05F05EEFB}.Ad-Hoc|ARM.ActiveCfg = Ad-Hoc|iPhone
		{16CC9346-4E31-498D-9F62-28E05F05EEFB}.Ad-Hoc|iPhone.ActiveCfg = Ad-Hoc|iPhone
		{16CC9346-4E31-498D-9F62-28E05F05EEFB}.Ad-Hoc|iPhone.Build.0 = Ad-Hoc|iPhone
		{16CC9346-4E31-498D-9F62-28E05F05EEFB}.Ad-Hoc|iPhoneSimulator.ActiveCfg = Ad-Hoc|iPhoneSimulator
		{16CC9346-4E31-498D-9F62-28E05F05EEFB}.Ad-Hoc|iPhoneSimulator.Build.0 = Ad-Hoc|iPhoneSimulator
		{16CC9346-4E31-498D-9F62-28E05F05EEFB}.Ad-Hoc|Mixed Platforms.ActiveCfg = Ad-Hoc|iPhone
		{16CC9346-4E31-498D-9F62-28E05F05EEFB}.Ad-Hoc|Mixed Platforms.Build.0 = Ad-Hoc|iPhone
		{16CC9346-4E31-498D-9F62-28E05F05EEFB}.Ad-Hoc|x86.ActiveCfg = Ad-Hoc|iPhone
		{16CC9346-4E31-498D-9F62-28E05F05EEFB}.AppStore|Any CPU.ActiveCfg = AppStore|iPhone
		{16CC9346-4E31-498D-9F62-28E05F05EEFB}.AppStore|ARM.ActiveCfg = AppStore|iPhone
		{16CC9346-4E31-498D-9F62-28E05F05EEFB}.AppStore|iPhone.ActiveCfg = AppStore|iPhone
		{16CC9346-4E31-498D-9F62-28E05F05EEFB}.AppStore|iPhone.Build.0 = AppStore|iPhone
		{16CC9346-4E31-498D-9F62-28E05F05EEFB}.AppStore|iPhoneSimulator.ActiveCfg = AppStore|iPhoneSimulator
		{16CC9346-4E31-498D-9F62-28E05F05EEFB}.AppStore|iPhoneSimulator.Build.0 = AppStore|iPhoneSimulator
		{16CC9346-4E31-498D-9F62-28E05F05EEFB}.AppStore|Mixed Platforms.ActiveCfg = AppStore|iPhone
		{16CC9346-4E31-498D-9F62-28E05F05EEFB}.AppStore|Mixed Platforms.Build.0 = AppStore|iPhone
		{16CC9346-4E31-498D-9F62-28E05F05EEFB}.AppStore|x86.ActiveCfg = AppStore|iPhone
		{16CC9346-4E31-498D-9F62-28E05F05EEFB}.Debug|Any CPU.ActiveCfg = Debug|iPhone
		{16CC9346-4E31-498D-9F62-28E05F05EEFB}.Debug|ARM.ActiveCfg = Debug|iPhone
		{16CC9346-4E31-498D-9F62-28E05F05EEFB}.Debug|iPhone.ActiveCfg = Debug|iPhone
		{16CC9346-4E31-498D-9F62-28E05F05EEFB}.Debug|iPhone.Build.0 = Debug|iPhone
		{16CC9346-4E31-498D-9F62-28E05F05EEFB}.Debug|iPhoneSimulator.ActiveCfg = Debug|iPhoneSimulator
		{16CC9346-4E31-498D-9F62-28E05F05EEFB}.Debug|iPhoneSimulator.Build.0 = Debug|iPhoneSimulator
		{16CC9346-4E31-498D-9F62-28E05F05EEFB}.Debug|Mixed Platforms.ActiveCfg = Debug|iPhone
		{16CC9346-4E31-498D-9F62-28E05F05EEFB}.Debug|Mixed Platforms.Build.0 = Debug|iPhone
		{16CC9346-4E31-498D-9F62-28E05F05EEFB}.Debug|x86.ActiveCfg = Debug|iPhone
		{16CC9346-4E31-498D-9F62-28E05F05EEFB}.Release|Any CPU.ActiveCfg = Release|iPhone
		{16CC9346-4E31-498D-9F62-28E05F05EEFB}.Release|ARM.ActiveCfg = Release|iPhone
		{16CC9346-4E31-498D-9F62-28E05F05EEFB}.Release|iPhone.ActiveCfg = Release|iPhone
		{16CC9346-4E31-498D-9F62-28E05F05EEFB}.Release|iPhone.Build.0 = Release|iPhone
		{16CC9346-4E31-498D-9F62-28E05F05EEFB}.Release|iPhoneSimulator.ActiveCfg = Release|iPhoneSimulator
		{16CC9346-4E31-498D-9F62-28E05F05EEFB}.Release|iPhoneSimulator.Build.0 = Release|iPhoneSimulator
		{16CC9346-4E31-498D-9F62-28E05F05EEFB}.Release|Mixed Platforms.ActiveCfg = Release|iPhone
		{16CC9346-4E31-498D-9F62-28E05F05EEFB}.Release|Mixed Platforms.Build.0 = Release|iPhone
		{16CC9346-4E31-498D-9F62-28E05F05EEFB}.Release|x86.ActiveCfg = Release|iPhone
		{4A47468A-6962-4F56-82A5-071100D9E99B}.Ad-Hoc|Any CPU.ActiveCfg = Release|Any CPU
		{4A47468A-6962-4F56-82A5-071100D9E99B}.Ad-Hoc|Any CPU.Build.0 = Release|Any CPU
		{4A47468A-6962-4F56-82A5-071100D9E99B}.Ad-Hoc|Any CPU.Deploy.0 = Release|Any CPU
		{4A47468A-6962-4F56-82A5-071100D9E99B}.Ad-Hoc|ARM.ActiveCfg = Release|Any CPU
		{4A47468A-6962-4F56-82A5-071100D9E99B}.Ad-Hoc|iPhone.ActiveCfg = Release|Any CPU
		{4A47468A-6962-4F56-82A5-071100D9E99B}.Ad-Hoc|iPhoneSimulator.ActiveCfg = Release|Any CPU
		{4A47468A-6962-4F56-82A5-071100D9E99B}.Ad-Hoc|Mixed Platforms.ActiveCfg = Release|Any CPU
		{4A47468A-6962-4F56-82A5-071100D9E99B}.Ad-Hoc|Mixed Platforms.Build.0 = Release|Any CPU
		{4A47468A-6962-4F56-82A5-071100D9E99B}.Ad-Hoc|Mixed Platforms.Deploy.0 = Release|Any CPU
		{4A47468A-6962-4F56-82A5-071100D9E99B}.Ad-Hoc|x86.ActiveCfg = Release|Any CPU
		{4A47468A-6962-4F56-82A5-071100D9E99B}.AppStore|Any CPU.ActiveCfg = Release|Any CPU
		{4A47468A-6962-4F56-82A5-071100D9E99B}.AppStore|Any CPU.Build.0 = Release|Any CPU
		{4A47468A-6962-4F56-82A5-071100D9E99B}.AppStore|Any CPU.Deploy.0 = Release|Any CPU
		{4A47468A-6962-4F56-82A5-071100D9E99B}.AppStore|ARM.ActiveCfg = Release|Any CPU
		{4A47468A-6962-4F56-82A5-071100D9E99B}.AppStore|iPhone.ActiveCfg = Release|Any CPU
		{4A47468A-6962-4F56-82A5-071100D9E99B}.AppStore|iPhoneSimulator.ActiveCfg = Release|Any CPU
		{4A47468A-6962-4F56-82A5-071100D9E99B}.AppStore|Mixed Platforms.ActiveCfg = Release|Any CPU
		{4A47468A-6962-4F56-82A5-071100D9E99B}.AppStore|Mixed Platforms.Build.0 = Release|Any CPU
		{4A47468A-6962-4F56-82A5-071100D9E99B}.AppStore|Mixed Platforms.Deploy.0 = Release|Any CPU
		{4A47468A-6962-4F56-82A5-071100D9E99B}.AppStore|x86.ActiveCfg = Release|Any CPU
		{4A47468A-6962-4F56-82A5-071100D9E99B}.Debug|Any CPU.ActiveCfg = Debug|Any CPU
		{4A47468A-6962-4F56-82A5-071100D9E99B}.Debug|Any CPU.Build.0 = Debug|Any CPU
		{4A47468A-6962-4F56-82A5-071100D9E99B}.Debug|Any CPU.Deploy.0 = Debug|Any CPU
		{4A47468A-6962-4F56-82A5-071100D9E99B}.Debug|ARM.ActiveCfg = Debug|Any CPU
		{4A47468A-6962-4F56-82A5-071100D9E99B}.Debug|iPhone.ActiveCfg = Debug|Any CPU
		{4A47468A-6962-4F56-82A5-071100D9E99B}.Debug|iPhoneSimulator.ActiveCfg = Debug|Any CPU
		{4A47468A-6962-4F56-82A5-071100D9E99B}.Debug|Mixed Platforms.ActiveCfg = Debug|Any CPU
		{4A47468A-6962-4F56-82A5-071100D9E99B}.Debug|Mixed Platforms.Build.0 = Debug|Any CPU
		{4A47468A-6962-4F56-82A5-071100D9E99B}.Debug|Mixed Platforms.Deploy.0 = Debug|Any CPU
		{4A47468A-6962-4F56-82A5-071100D9E99B}.Debug|x86.ActiveCfg = Debug|Any CPU
		{4A47468A-6962-4F56-82A5-071100D9E99B}.Release|Any CPU.ActiveCfg = Release|Any CPU
		{4A47468A-6962-4F56-82A5-071100D9E99B}.Release|Any CPU.Build.0 = Release|Any CPU
		{4A47468A-6962-4F56-82A5-071100D9E99B}.Release|Any CPU.Deploy.0 = Release|Any CPU
		{4A47468A-6962-4F56-82A5-071100D9E99B}.Release|ARM.ActiveCfg = Release|Any CPU
		{4A47468A-6962-4F56-82A5-071100D9E99B}.Release|iPhone.ActiveCfg = Release|Any CPU
		{4A47468A-6962-4F56-82A5-071100D9E99B}.Release|iPhoneSimulator.ActiveCfg = Release|Any CPU
		{4A47468A-6962-4F56-82A5-071100D9E99B}.Release|Mixed Platforms.ActiveCfg = Release|Any CPU
		{4A47468A-6962-4F56-82A5-071100D9E99B}.Release|Mixed Platforms.Build.0 = Release|Any CPU
		{4A47468A-6962-4F56-82A5-071100D9E99B}.Release|Mixed Platforms.Deploy.0 = Release|Any CPU
		{4A47468A-6962-4F56-82A5-071100D9E99B}.Release|x86.ActiveCfg = Release|Any CPU
	EndGlobalSection
	GlobalSection(SolutionProperties) = preSolution
		HideSolutionNode = FALSE
	EndGlobalSection
EndGlobal
